{
  "name": "openmap-local-svg-maps",
  "version": "1.0.0",
  "lockfileVersion": 1,
  "requires": true,
  "dependencies": {
    "@mapbox/geo-viewport": {
      "version": "0.4.0",
      "resolved": "https://registry.npmjs.org/@mapbox/geo-viewport/-/geo-viewport-0.4.0.tgz",
      "integrity": "sha512-5OAXoP8C96Co3UDIzFliSzrK5njb9oG2H/RTMaZUW1swxIZlj3n3A5ccep5XAEIhTWxBLg/Cz48D3rUbAdXwHQ==",
      "requires": {
        "@mapbox/sphericalmercator": "~1.1.0"
      }
    },
    "@mapbox/sphericalmercator": {
      "version": "1.1.0",
      "resolved": "https://registry.npmjs.org/@mapbox/sphericalmercator/-/sphericalmercator-1.1.0.tgz",
      "integrity": "sha512-pEsfZyG4OMThlfFQbCte4gegvHUjxXCjz0KZ4Xk8NdOYTQBLflj6U8PL05RPAiuRAMAQNUUKJuL6qYZ5Y4kAWA=="
    },
    "commander": {
      "version": "2.17.1",
      "resolved": "https://registry.npmjs.org/commander/-/commander-2.17.1.tgz",
      "integrity": "sha512-wPMUt6FnH2yzG95SA6mzjQOEKUU3aLaDEmzs1ti+1E9h+CsrZghRlqEM/EJ4KscsQVG8uNN4uVreUeT8+drlgg=="
    },
    "d3-array": {
      "version": "1.2.4",
      "resolved": "https://registry.npmjs.org/d3-array/-/d3-array-1.2.4.tgz",
      "integrity": "sha512-KHW6M86R+FUPYGb3R5XiYjXPq7VzwxZ22buHhAEVG5ztoEcZZMLov530mmccaqA1GghZArjQV46fuc8kUqhhHw=="
    },
    "d3-geo": {
      "version": "1.11.1",
      "resolved": "https://registry.npmjs.org/d3-geo/-/d3-geo-1.11.1.tgz",
      "integrity": "sha512-GsG7x9G9sykseLviOVSJ3h5yjw0ItLopOtuDQKUt1TRklEegCw5WAmnIpYYiCkSH/QgUMleAeE2xZK38Qb+1+Q==",
      "requires": {
        "d3-array": "1"
      }
    },
    "d3-geo-projection": {
      "version": "2.4.1",
      "resolved": "https://registry.npmjs.org/d3-geo-projection/-/d3-geo-projection-2.4.1.tgz",
      "integrity": "sha512-tDoYNK3OPlyeoY0Y6ZQ7v02Y2pGg4PTzh7GoNaHnLksIggInHiwXcbiziGHkjBoLbE2bQp9iL2OPsn+n+ZO/dg==",
      "requires": {
        "commander": "2",
        "d3-array": "1",
        "d3-geo": "^1.10.0"
      }
    }
  }
}
